
Microsoft Visual Studio Solution File, Format Version 12.00
# Visual Studio Version 16
VisualStudioVersion = 16.0.29806.167
MinimumVisualStudioVersion = 10.0.40219.1
Project("{8BC9CEB8-8B4A-11D0-8D11-00A0C91BC942}") = "TareaProgra Kamila", "TareaProgra Kamila\TareaProgra Kamila.vcxproj", "{7D8308FC-D518-4853-8955-C1E7E7065503}"
EndProject
Global
	GlobalSection(SolutionConfigurationPlatforms) = preSolution
		Debug|x64 = Debug|x64
		Debug|x86 = Debug|x86
		Release|x64 = Release|x64
		Release|x86 = Release|x86
	EndGlobalSection
	GlobalSection(ProjectConfigurationPlatforms) = postSolution
		{7D8308FC-D518-4853-8955-C1E7E7065503}.Debug|x64.ActiveCfg = Debug|x64
		{7D8308FC-D518-4853-8955-C1E7E7065503}.Debug|x64.Build.0 = Debug|x64
		{7D8308FC-D518-4853-8955-C1E7E7065503}.Debug|x86.ActiveCfg = Debug|Win32
		{7D8308FC-D518-4853-8955-C1E7E7065503}.Debug|x86.Build.0 = Debug|Win32
		{7D8308FC-D518-4853-8955-C1E7E7065503}.Release|x64.ActiveCfg = Release|x64
		{7D8308FC-D518-4853-8955-C1E7E7065503}.Release|x64.Build.0 = Release|x64
		{7D8308FC-D518-4853-8955-C1E7E7065503}.Release|x86.ActiveCfg = Release|Win32
		{7D8308FC-D518-4853-8955-C1E7E7065503}.Release|x86.Build.0 = Release|Win32
	EndGlobalSection
	GlobalSection(SolutionProperties) = preSolution
		HideSolutionNode = FALSE
	EndGlobalSection
	GlobalSection(ExtensibilityGlobals) = postSolution
		SolutionGuid = {6BD0282E-B203-4161-98D1-5CE47D03067C}
	EndGlobalSection
EndGlobal
